
Microsoft Visual Studio Solution File, Format Version 10.00
# Visual Studio 2008
Project("{FAE04EC0-301F-11D3-BF4B-00C04F79EFBC}") = "Installer", "Installer\Installer.csproj", "{9CEBA478-8E69-4C58-B7C0-BAE092E2FCF6}"
EndProject
Global
	GlobalSection(SolutionConfigurationPlatforms) = preSolution
		Debug|Any CPU = Debug|Any CPU
		Release|Any CPU = Release|Any CPU
	EndGlobalSection
	GlobalSection(ProjectConfigurationPlatforms) = postSolution
		{9CEBA478-8E69-4C58-B7C0-BAE092E2FCF6}.Debug|Any CPU.ActiveCfg = Debug|Any CPU
		{9CEBA478-8E69-4C58-B7C0-BAE092E2FCF6}.Debug|Any CPU.Build.0 = Debug|Any CPU
		{9CEBA478-8E69-4C58-B7C0-BAE092E2FCF6}.Release|Any CPU.ActiveCfg = Release|Any CPU
		{9CEBA478-8E69-4C58-B7C0-BAE092E2FCF6}.Release|Any CPU.Build.0 = Release|Any CPU
	EndGlobalSection
	GlobalSection(SolutionProperties) = preSolution
		HideSolutionNode = FALSE
	EndGlobalSection
EndGlobal
